{
  "name": "projects-manager",
  "lockfileVersion": 3,
  "requires": true,
  "packages": {
    "": {
      "name": "projects-manager",
      "devDependencies": {
        "@supabase/supabase-js": "^2.109.0",
        "supabase": "^2.110.0",
        "ws": "^8.21.1"
      }
    },
    "node_modules/@ecies/ciphers": {
      "version": "0.2.6",
      "resolved": "https://registry.npmjs.org/@ecies/ciphers/-/ciphers-0.2.6.tgz",
      "integrity": "sha512-patgsRPKGkhhoBjETV4XxD0En4ui5fbX0hzayqI3M8tvNMGUoUvmyYAIWwlxBc1KX5cturfqByYdj5bYGRpN9g==",
      "dev": true,
      "license": "MIT",
      "engines": {
        "bun": ">=1",
        "deno": ">=2.7.10",
        "node": ">=16"
      },
      "peerDependencies": {
        "@noble/ciphers": "^1.0.0"
      }
    },
    "node_modules/@noble/ciphers": {
      "version": "1.3.0",
      "resolved": "https://registry.npmjs.org/@noble/ciphers/-/ciphers-1.3.0.tgz",
      "integrity": "sha512-2I0gnIVPtfnMw9ee9h1dJG7tp81+8Ob3OJb3Mv37rx5L40/b0i7djjCVvGOVqc9AEIQyvyu1i6ypKdFw8R8gQw==",
      "dev": true,
      "license": "MIT",
      "peer": true,
      "engines": {
        "node": "^14.21.3 || >=16"
      },
      "funding": {
        "url": "https://paulmillr.com/funding/"
      }
    },
    "node_modules/@noble/curves": {
      "version": "1.9.7",
      "resolved": "https://registry.npmjs.org/@noble/curves/-/curves-1.9.7.tgz",
      "integrity": "sha512-gbKGcRUYIjA3/zCCNaWDciTMFI0dCkvou3TL8Zmy5Nc7sJ47a0jtOeZoTaMxkuqRo9cRhjOdZJXegxYE5FN/xw==",
      "dev": true,
      "license": "MIT",
      "dependencies": {
        "@noble/hashes": "1.8.0"
      },
      "engines": {
        "node": "^14.21.3 || >=16"
      },
      "funding": {
        "url": "https://paulmillr.com/funding/"
      }
    },
    "node_modules/@noble/hashes": {
      "version": "1.8.0",
      "resolved": "https://registry.npmjs.org/@noble/hashes/-/hashes-1.8.0.tgz",
      "integrity": "sha512-jCs9ldd7NwzpgXDIf6P3+NrHh9/sD6CQdxHyjQI+h/6rDNo88ypBxxz45UDuZHz9r3tNz7N/VInSVoVdtXEI4A==",
      "dev": true,
      "license": "MIT",
      "engines": {
        "node": "^14.21.3 || >=16"
      },
      "funding": {
        "url": "https://paulmillr.com/funding/"
      }
    },
    "node_modules/@supabase/auth-js": {
      "version": "2.109.0",
      "resolved": "https://registry.npmjs.org/@supabase/auth-js/-/auth-js-2.109.0.tgz",
      "integrity": "sha512-krf61vksi92kEUYtNH70GnIMOoQqLBAKG2e3Aha4e/0uJA6i1OWCxL7WUGHo6c0Vu/w96Y1DdnkYz0NOg0kYog==",
      "dev": true,
      "license": "MIT",
      "dependencies": {
        "tslib": "2.8.1"
      },
      "engines": {
        "node": ">=20.0.0"
      }
    },
    "node_modules/@supabase/cli-darwin-arm64": {
      "version": "2.110.0",
      "resolved": "https://registry.npmjs.org/@supabase/cli-darwin-arm64/-/cli-darwin-arm64-2.110.0.tgz",
      "integrity": "sha512-VC+3vipRUtLrZKVYuxfRtP1gUPwUa+oZSeOJTRPSjLYN1FlnXIFcVDp/Xe21tZLYbVZBx3zJmy50OG2vTeNL3Q==",
      "cpu": [
        "arm64"
      ],
      "dev": true,
      "license": "MIT",
      "optional": true,
      "os": [
        "darwin"
      ]
    },
    "node_modules/@supabase/cli-darwin-x64": {
      "version": "2.110.0",
      "resolved": "https://registry.npmjs.org/@supabase/cli-darwin-x64/-/cli-darwin-x64-2.110.0.tgz",
      "integrity": "sha512-PtDmolyEXqm6hpsNOTBB15xWadhbFOelaKaxBTflk1TBJO1Hugrzw4xophbi8hg4vG9HXh4GNc7TY24BA93zqA==",
      "cpu": [
        "x64"
      ],
      "dev": true,
      "license": "MIT",
      "optional": true,
      "os": [
        "darwin"
      ]
    },
    "node_modules/@supabase/cli-linux-arm64": {
      "version": "2.110.0",
      "resolved": "https://registry.npmjs.org/@supabase/cli-linux-arm64/-/cli-linux-arm64-2.110.0.tgz",
      "integrity": "sha512-FHSVK7sR5quvAfDqwoA850ci3EP0hu6tjL1MDMWokkSwvILaHYp2AWq6jzZwa78dk+/SGeVPl8andkfyvH2qeg==",
      "cpu": [
        "arm64"
      ],
      "dev": true,
      "license": "MIT",
      "optional": true,
      "os": [
        "linux"
      ]
    },
    "node_modules/@supabase/cli-linux-arm64-musl": {
      "version": "2.110.0",
      "resolved": "https://registry.npmjs.org/@supabase/cli-linux-arm64-musl/-/cli-linux-arm64-musl-2.110.0.tgz",
      "integrity": "sha512-RyPgJr7hAdyhlxwUR36+s6P6rENupfN+meN+3+c/9XYT5cRwGuaJRnM4nsh9s1fs33lu7v22oy2N7IHZfgujew==",
      "cpu": [
        "arm64"
      ],
      "dev": true,
      "license": "MIT",
      "optional": true,
      "os": [
        "linux"
      ]
    },
    "node_modules/@supabase/cli-linux-x64": {
      "version": "2.110.0",
      "resolved": "https://registry.npmjs.org/@supabase/cli-linux-x64/-/cli-linux-x64-2.110.0.tgz",
      "integrity": "sha512-mShXx1+8yQfpxEzVyBxH8plbrHoXE/6j/8jIzQXmzuOFbVyaJzJU3HMmuEUsptcgwj/FpWoE1HrI77TmzWrJ/w==",
      "cpu": [
        "x64"
      ],
      "dev": true,
      "license": "MIT",
      "optional": true,
      "os": [
        "linux"
      ]
    },
    "node_modules/@supabase/cli-linux-x64-musl": {
      "version": "2.110.0",
      "resolved": "https://registry.npmjs.org/@supabase/cli-linux-x64-musl/-/cli-linux-x64-musl-2.110.0.tgz",
      "integrity": "sha512-GLYhJhOhQmkkH3gygZy8x0VLmnGuLk0giSGAc19FtA12qfXdVsVeTiZWBzIEFvrJ4nK8NWqf0K4HIe2C4sBFqg==",
      "cpu": [
        "x64"
      ],
      "dev": true,
      "license": "MIT",
      "optional": true,
      "os": [
        "linux"
      ]
    },
    "node_modules/@supabase/cli-windows-arm64": {
      "version": "2.110.0",
      "resolved": "https://registry.npmjs.org/@supabase/cli-windows-arm64/-/cli-windows-arm64-2.110.0.tgz",
      "integrity": "sha512-gLiQLv9geh3TV3t/uAd2GhNfLMJW/l8jyBclc2sPiljM5wosIKsxm8Uf9e97mgVVHgGLrRR1igXtru1YU+n8AQ==",
      "cpu": [
        "arm64"
      ],
      "dev": true,
      "license": "MIT",
      "optional": true,
      "os": [
        "win32"
      ]
    },
    "node_modules/@supabase/cli-windows-x64": {
      "version": "2.110.0",
      "resolved": "https://registry.npmjs.org/@supabase/cli-windows-x64/-/cli-windows-x64-2.110.0.tgz",
      "integrity": "sha512-J4dXRahjAEQy3w0cTtJsvwCuoMY7OHAYPaR81Gxac0315HvSf+8Cf2cEpwAkUKpAhUpCE0pa1Gl3BrmKtd7qaw==",
      "cpu": [
        "x64"
      ],
      "dev": true,
      "license": "MIT",
      "optional": true,
      "os": [
        "win32"
      ]
    },
    "node_modules/@supabase/functions-js": {
      "version": "2.109.0",
      "resolved": "https://registry.npmjs.org/@supabase/functions-js/-/functions-js-2.109.0.tgz",
      "integrity": "sha512-IiwAspZrVrBRYQoFgSJvkcA9iJvTCw8nHOdvlKARDushlw/x1YY3YJYtwwgZFtl7utUbTiZ5SwohXPNgnpZM+g==",
      "dev": true,
      "license": "MIT",
      "dependencies": {
        "tslib": "2.8.1"
      },
      "engines": {
        "node": ">=20.0.0"
      }
    },
    "node_modules/@supabase/phoenix": {
      "version": "0.4.4",
      "resolved": "https://registry.npmjs.org/@supabase/phoenix/-/phoenix-0.4.4.tgz",
      "integrity": "sha512-Gt0pqoXuIqX/8dvG0OKp/wMCobXNH3klNbUPBNyOfN0YA1IswrM3HyWFMOPk1Jy+BRaIyDPcFx4jLBwHNmlyfQ==",
      "dev": true,
      "license": "MIT"
    },
    "node_modules/@supabase/postgrest-js": {
      "version": "2.109.0",
      "resolved": "https://registry.npmjs.org/@supabase/postgrest-js/-/postgrest-js-2.109.0.tgz",
      "integrity": "sha512-Xk4gzuzyrGIPWCUuJolDQS/9zdFZDEXRhNsVeOHEKwFr+vpNU0himsHtLOhSEYlyPqwmeY8LUCKL6bLsDp0ScA==",
      "dev": true,
      "license": "MIT",
      "dependencies": {
        "tslib": "2.8.1"
      },
      "engines": {
        "node": ">=20.0.0"
      }
    },
    "node_modules/@supabase/realtime-js": {
      "version": "2.109.0",
      "resolved": "https://registry.npmjs.org/@supabase/realtime-js/-/realtime-js-2.109.0.tgz",
      "integrity": "sha512-q9tjGUgWLNhfLz6HeYE7yl6FG9WEsnr6bFmmLpn2Nakxp3Z36pqI4xu0xns5/n8Xtq10HVcy9CRxOxgvviCM4Q==",
      "dev": true,
      "license": "MIT",
      "dependencies": {
        "@supabase/phoenix": "0.4.4",
        "tslib": "2.8.1"
      },
      "engines": {
        "node": ">=20.0.0"
      }
    },
    "node_modules/@supabase/storage-js": {
      "version": "2.109.0",
      "resolved": "https://registry.npmjs.org/@supabase/storage-js/-/storage-js-2.109.0.tgz",
      "integrity": "sha512-j119SdEuwrOPGqiPjshpfovrQPFqeATKg990jNV88Ie+SEufznzVD2mL5kQvly+z2oVBeZn+pweU0QN/OYLmJw==",
      "dev": true,
      "license": "MIT",
      "dependencies": {
        "iceberg-js": "^0.8.1",
        "tslib": "2.8.1"
      },
      "engines": {
        "node": ">=20.0.0"
      }
    },
    "node_modules/@supabase/supabase-js": {
      "version": "2.109.0",
      "resolved": "https://registry.npmjs.org/@supabase/supabase-js/-/supabase-js-2.109.0.tgz",
      "integrity": "sha512-eNpUGegTT3hhoTK9j6aLViVjybYtdq6Ishb4BkVLi5tT58S1D80n7dmALMoBWkbrYG4uQv30c8iAB6nZylX0Fg==",
      "dev": true,
      "license": "MIT",
      "dependencies": {
        "@supabase/auth-js": "2.109.0",
        "@supabase/functions-js": "2.109.0",
        "@supabase/postgrest-js": "2.109.0",
        "@supabase/realtime-js": "2.109.0",
        "@supabase/storage-js": "2.109.0"
      },
      "engines": {
        "node": ">=20.0.0"
      }
    },
    "node_modules/eciesjs": {
      "version": "0.5.0",
      "resolved": "https://registry.npmjs.org/eciesjs/-/eciesjs-0.5.0.tgz",
      "integrity": "sha512-s0J9SEVYAEPg7J63GFMApLYzPH9VNIQIyC6s15JpnqVc0TqcKWdbgFlnAweEBRyMmko2dcs2sfC83Hj4J43tuA==",
      "dev": true,
      "license": "MIT",
      "dependencies": {
        "@ecies/ciphers": "^0.2.6",
        "@noble/ciphers": "^1.3.0",
        "@noble/curves": "^1.9.7",
        "@noble/hashes": "^1.8.0"
      },
      "engines": {
        "bun": ">=1",
        "deno": ">=2.7.10",
        "node": ">=16"
      }
    },
    "node_modules/iceberg-js": {
      "version": "0.8.1",
      "resolved": "https://registry.npmjs.org/iceberg-js/-/iceberg-js-0.8.1.tgz",
      "integrity": "sha512-1dhVQZXhcHje7798IVM+xoo/1ZdVfzOMIc8/rgVSijRK38EDqOJoGula9N/8ZI5RD8QTxNQtK/Gozpr+qUqRRA==",
      "dev": true,
      "license": "MIT",
      "engines": {
        "node": ">=20.0.0"
      }
    },
    "node_modules/jose": {
      "version": "6.2.4",
      "resolved": "https://registry.npmjs.org/jose/-/jose-6.2.4.tgz",
      "integrity": "sha512-N8acGzVsQy6M/fjFcxtysNc4Q379TcM5dM/qKkNtsHFji88yANnXTr7BLeP75iPnFwBfQzM/jg2BZ9+HZrHCZA==",
      "dev": true,
      "license": "MIT",
      "funding": {
        "url": "https://github.com/sponsors/panva"
      }
    },
    "node_modules/supabase": {
      "version": "2.110.0",
      "resolved": "https://registry.npmjs.org/supabase/-/supabase-2.110.0.tgz",
      "integrity": "sha512-63QKsdLSVOFKTqABIAeOpg12daBZb9WYqc1NeMNimDP+gFGY8YsIh7VOJawUENXhIWWRlWNprHCOmafCc3LD7Q==",
      "dev": true,
      "license": "MIT",
      "dependencies": {
        "eciesjs": "^0.5.0",
        "jose": "^6.2.3"
      },
      "bin": {
        "supabase": "dist/supabase.js"
      },
      "optionalDependencies": {
        "@supabase/cli-darwin-arm64": "2.110.0",
        "@supabase/cli-darwin-x64": "2.110.0",
        "@supabase/cli-linux-arm64": "2.110.0",
        "@supabase/cli-linux-arm64-musl": "2.110.0",
        "@supabase/cli-linux-x64": "2.110.0",
        "@supabase/cli-linux-x64-musl": "2.110.0",
        "@supabase/cli-windows-arm64": "2.110.0",
        "@supabase/cli-windows-x64": "2.110.0"
      }
    },
    "node_modules/tslib": {
      "version": "2.8.1",
      "resolved": "https://registry.npmjs.org/tslib/-/tslib-2.8.1.tgz",
      "integrity": "sha512-oJFu94HQb+KVduSUQL7wnpmqnfmLsOA/nAh6b6EH0wCEoK0/mPeXU6c3wKDV83MkOuHPRHtSXKKU99IBazS/2w==",
      "dev": true,
      "license": "0BSD"
    },
    "node_modules/ws": {
      "version": "8.21.1",
      "resolved": "https://registry.npmjs.org/ws/-/ws-8.21.1.tgz",
      "integrity": "sha512-+0NTnW77fFN/DjQi6k/Sq/Yvk4Sgajw7urW8V+asjXnRgDs9gyGkdb7EzgfhA4goXsRIZKE28fzIXBHEzhuiWw==",
      "dev": true,
      "license": "MIT",
      "engines": {
        "node": ">=10.0.0"
      },
      "peerDependencies": {
        "bufferutil": "^4.0.1",
        "utf-8-validate": ">=5.0.2"
      },
      "peerDependenciesMeta": {
        "bufferutil": {
          "optional": true
        },
        "utf-8-validate": {
          "optional": true
        }
      }
    }
  }
}
